{
  "name": "tut2",
  "version": "1.0.0",
  "lockfileVersion": 2,
  "requires": true,
  "packages": {
    "": {
      "name": "tut2",
      "version": "1.0.0",
      "license": "ISC",
      "dependencies": {
        "async-waterfall": "^0.1.5"
      }
    },
    "node_modules/async-waterfall": {
      "version": "0.1.5",
      "resolved": "https://registry.npmjs.org/async-waterfall/-/async-waterfall-0.1.5.tgz",
      "integrity": "sha512-aJXVeDPYaXZUw/lfkeEK13OLSxHO4AZWA2so1Q0n4ey3ix26rWzSCzl4hnkJvolA12MvmUF8covY8bZvKjbtmA=="
    }
  },
  "dependencies": {
    "async-waterfall": {
      "version": "0.1.5",
      "resolved": "https://registry.npmjs.org/async-waterfall/-/async-waterfall-0.1.5.tgz",
      "integrity": "sha512-aJXVeDPYaXZUw/lfkeEK13OLSxHO4AZWA2so1Q0n4ey3ix26rWzSCzl4hnkJvolA12MvmUF8covY8bZvKjbtmA=="
    }
  }
}
